
Microsoft Visual Studio Solution File, Format Version 12.00
# Visual Studio Version 16
VisualStudioVersion = 16.0.29418.71
MinimumVisualStudioVersion = 10.0.40219.1
Project("{FAE04EC0-301F-11D3-BF4B-00C04F79EFBC}") = "WalahalaWallet", "WalahalaWallet\WalahalaWallet.csproj", "{D886A404-E885-4C55-81C0-787BEF32E7A8}"
EndProject
Project("{FAE04EC0-301F-11D3-BF4B-00C04F79EFBC}") = "WalaSDK", "WalaSDK\WalaSDK.csproj", "{63C7F247-ADB9-4630-8985-11385EC76BC0}"
EndProject
Global
	GlobalSection(SolutionConfigurationPlatforms) = preSolution
		Debug|Any CPU = Debug|Any CPU
		Release|Any CPU = Release|Any CPU
	EndGlobalSection
	GlobalSection(ProjectConfigurationPlatforms) = postSolution
		{D886A404-E885-4C55-81C0-787BEF32E7A8}.Debug|Any CPU.ActiveCfg = Debug|Any CPU
		{D886A404-E885-4C55-81C0-787BEF32E7A8}.Debug|Any CPU.Build.0 = Debug|Any CPU
		{D886A404-E885-4C55-81C0-787BEF32E7A8}.Release|Any CPU.ActiveCfg = Release|Any CPU
		{D886A404-E885-4C55-81C0-787BEF32E7A8}.Release|Any CPU.Build.0 = Release|Any CPU
		{63C7F247-ADB9-4630-8985-11385EC76BC0}.Debug|Any CPU.ActiveCfg = Debug|Any CPU
		{63C7F247-ADB9-4630-8985-11385EC76BC0}.Debug|Any CPU.Build.0 = Debug|Any CPU
		{63C7F247-ADB9-4630-8985-11385EC76BC0}.Release|Any CPU.ActiveCfg = Release|Any CPU
		{63C7F247-ADB9-4630-8985-11385EC76BC0}.Release|Any CPU.Build.0 = Release|Any CPU
	EndGlobalSection
	GlobalSection(SolutionProperties) = preSolution
		HideSolutionNode = FALSE
	EndGlobalSection
	GlobalSection(ExtensibilityGlobals) = postSolution
		SolutionGuid = {AC1E6EF8-FD2C-4937-86BB-FEA4579C78A1}
	EndGlobalSection
EndGlobal
